
Microsoft Visual Studio Solution File, Format Version 12.00
# Visual Studio 15
VisualStudioVersion = 15.0.28307.271
MinimumVisualStudioVersion = 10.0.40219.1
Project("{8BC9CEB8-8B4A-11D0-8D11-00A0C91BC942}") = "HK_Drone_Simulation", "HK_Drone_Simulation\HK_Drone_Simulation.vcxproj", "{40F60CF2-D2EE-42BC-8A67-66B8EF057A5D}"
EndProject
Global
	GlobalSection(SolutionConfigurationPlatforms) = preSolution
		Debug|x64 = Debug|x64
		Debug|x86 = Debug|x86
		Release|x64 = Release|x64
		Release|x86 = Release|x86
	EndGlobalSection
	GlobalSection(ProjectConfigurationPlatforms) = postSolution
		{40F60CF2-D2EE-42BC-8A67-66B8EF057A5D}.Debug|x64.ActiveCfg = Debug|x64
		{40F60CF2-D2EE-42BC-8A67-66B8EF057A5D}.Debug|x64.Build.0 = Debug|x64
		{40F60CF2-D2EE-42BC-8A67-66B8EF057A5D}.Debug|x86.ActiveCfg = Debug|Win32
		{40F60CF2-D2EE-42BC-8A67-66B8EF057A5D}.Debug|x86.Build.0 = Debug|Win32
		{40F60CF2-D2EE-42BC-8A67-66B8EF057A5D}.Release|x64.ActiveCfg = Release|x64
		{40F60CF2-D2EE-42BC-8A67-66B8EF057A5D}.Release|x64.Build.0 = Release|x64
		{40F60CF2-D2EE-42BC-8A67-66B8EF057A5D}.Release|x86.ActiveCfg = Release|Win32
		{40F60CF2-D2EE-42BC-8A67-66B8EF057A5D}.Release|x86.Build.0 = Release|Win32
	EndGlobalSection
	GlobalSection(SolutionProperties) = preSolution
		HideSolutionNode = FALSE
	EndGlobalSection
	GlobalSection(ExtensibilityGlobals) = postSolution
		SolutionGuid = {C7E7E644-BD1C-434F-B2B9-841D2CB2C4A4}
	EndGlobalSection
EndGlobal
